// !$*UTF8*$!
{
	archiveVersion = 1;
	classes = {
	};
	objectVersion = 46;
	objects = {

/* Begin PBXBuildFile section */
		9A0509E61C74494800D4ACDC /* AutoCycleScrollViewContrtoller.m in Sources */ = {isa = PBXBuildFile; fileRef = 9A0509A91C74494800D4ACDC /* AutoCycleScrollViewContrtoller.m */; };
		9A0509E71C74494800D4ACDC /* networkASIDemoViewController.m in Sources */ = {isa = PBXBuildFile; fileRef = 9A0509AD1C74494800D4ACDC /* networkASIDemoViewController.m */; };
		9A0509E81C74494800D4ACDC /* networkDemoViewController.m in Sources */ = {isa = PBXBuildFile; fileRef = 9A0509AF1C74494800D4ACDC /* networkDemoViewController.m */; };
		9A0509E91C74494800D4ACDC /* BlockTestViewController.m in Sources */ = {isa = PBXBuildFile; fileRef = 9A0509B21C74494800D4ACDC /* BlockTestViewController.m */; };
		9A0509EA1C74494800D4ACDC /* ObjcDemoViewController.m in Sources */ = {isa = PBXBuildFile; fileRef = 9A0509B41C74494800D4ACDC /* ObjcDemoViewController.m */; };
		9A0509EB1C74494800D4ACDC /* OpenURLViewController.m in Sources */ = {isa = PBXBuildFile; fileRef = 9A0509B61C74494800D4ACDC /* OpenURLViewController.m */; };
		9A0509EC1C74494800D4ACDC /* PriceTotalViewController.m in Sources */ = {isa = PBXBuildFile; fileRef = 9A0509B91C74494800D4ACDC /* PriceTotalViewController.m */; };
		9A0509ED1C74494800D4ACDC /* ProductCell.m in Sources */ = {isa = PBXBuildFile; fileRef = 9A0509BB1C74494800D4ACDC /* ProductCell.m */; };
		9A0509EE1C74494800D4ACDC /* Tab1ViewController.m in Sources */ = {isa = PBXBuildFile; fileRef = 9A0509BD1C74494800D4ACDC /* Tab1ViewController.m */; };
		9A0509EF1C74494800D4ACDC /* Tab2ViewController.m in Sources */ = {isa = PBXBuildFile; fileRef = 9A0509C01C74494800D4ACDC /* Tab2ViewController.m */; };
		9A0509F01C74494800D4ACDC /* AppDelegate.m in Sources */ = {isa = PBXBuildFile; fileRef = 9A0509C31C74494800D4ACDC /* AppDelegate.m */; };
		9A0509F31C74494800D4ACDC /* WebViewRootController.m in Sources */ = {isa = PBXBuildFile; fileRef = 9A0509CB1C74494800D4ACDC /* WebViewRootController.m */; };
		9A0509F41C74494800D4ACDC /* BaseModel.m in Sources */ = {isa = PBXBuildFile; fileRef = 9A0509CE1C74494800D4ACDC /* BaseModel.m */; };
		9A0509F51C74494800D4ACDC /* EasemobAccountBean.m in Sources */ = {isa = PBXBuildFile; fileRef = 9A0509D01C74494800D4ACDC /* EasemobAccountBean.m */; };
		9A0509F61C74494800D4ACDC /* Product.m in Sources */ = {isa = PBXBuildFile; fileRef = 9A0509D21C74494800D4ACDC /* Product.m */; };
		9A0509F71C74494800D4ACDC /* v2loginActionlogin.m in Sources */ = {isa = PBXBuildFile; fileRef = 9A0509D41C74494800D4ACDC /* v2loginActionlogin.m */; };
		9A0509F81C74494800D4ACDC /* Default@3x-1.png in Resources */ = {isa = PBXBuildFile; fileRef = 9A0509D91C74494800D4ACDC /* Default@3x-1.png */; };
		9A0509F91C74494800D4ACDC /* demo.zip in Resources */ = {isa = PBXBuildFile; fileRef = 9A0509DA1C74494800D4ACDC /* demo.zip */; };
		9A0509FA1C74494800D4ACDC /* ClearCacheViewController.m in Sources */ = {isa = PBXBuildFile; fileRef = 9A0509DD1C74494800D4ACDC /* ClearCacheViewController.m */; };
		9A0509FB1C74494800D4ACDC /* testA.m in Sources */ = {isa = PBXBuildFile; fileRef = 9A0509DE1C74494800D4ACDC /* testA.m */; };
		9A0509FC1C74494800D4ACDC /* testAc.m in Sources */ = {isa = PBXBuildFile; fileRef = 9A0509E01C74494800D4ACDC /* testAc.m */; };
		9A0509FD1C74494800D4ACDC /* testBd.m in Sources */ = {isa = PBXBuildFile; fileRef = 9A0509E21C74494800D4ACDC /* testBd.m */; };
		9A0509FE1C74494800D4ACDC /* testB.m in Sources */ = {isa = PBXBuildFile; fileRef = 9A0509E51C74494800D4ACDC /* testB.m */; };
		9A050A371C74495200D4ACDC /* testAnimationViewController.m in Sources */ = {isa = PBXBuildFile; fileRef = 9A050A031C74495200D4ACDC /* testAnimationViewController.m */; };
		9A050A381C74495200D4ACDC /* DataSaveListViewController.m in Sources */ = {isa = PBXBuildFile; fileRef = 9A050A061C74495200D4ACDC /* DataSaveListViewController.m */; };
		9A050A391C74495200D4ACDC /* FMDBDemoViewController.m in Sources */ = {isa = PBXBuildFile; fileRef = 9A050A081C74495200D4ACDC /* FMDBDemoViewController.m */; };
		9A050A3A1C74495200D4ACDC /* DeepLinkListViewController.m in Sources */ = {isa = PBXBuildFile; fileRef = 9A050A0B1C74495200D4ACDC /* DeepLinkListViewController.m */; };
		9A050A3B1C74495200D4ACDC /* ExecuteDeepLinkViewController.m in Sources */ = {isa = PBXBuildFile; fileRef = 9A050A0D1C74495200D4ACDC /* ExecuteDeepLinkViewController.m */; };
		9A050A3D1C74495200D4ACDC /* ProductDetailViewController.m in Sources */ = {isa = PBXBuildFile; fileRef = 9A050A111C74495200D4ACDC /* ProductDetailViewController.m */; };
		9A050A3E1C74495200D4ACDC /* testImageCell.m in Sources */ = {isa = PBXBuildFile; fileRef = 9A050A141C74495200D4ACDC /* testImageCell.m */; };
		9A050A3F1C74495200D4ACDC /* testImageViewController.m in Sources */ = {isa = PBXBuildFile; fileRef = 9A050A161C74495200D4ACDC /* testImageViewController.m */; };
		9A050A401C74495200D4ACDC /* testImageViewControllerTable.m in Sources */ = {isa = PBXBuildFile; fileRef = 9A050A181C74495200D4ACDC /* testImageViewControllerTable.m */; };
		9A050A411C74495200D4ACDC /* BaseHTTPService.m in Sources */ = {isa = PBXBuildFile; fileRef = 9A050A1B1C74495200D4ACDC /* BaseHTTPService.m */; };
		9A050A421C74495200D4ACDC /* testAFNetworkingViewC.m in Sources */ = {isa = PBXBuildFile; fileRef = 9A050A1D1C74495200D4ACDC /* testAFNetworkingViewC.m */; };
		9A050A431C74495200D4ACDC /* LoginSuccessViewController.m in Sources */ = {isa = PBXBuildFile; fileRef = 9A050A211C74495200D4ACDC /* LoginSuccessViewController.m */; };
		9A050A441C74495200D4ACDC /* LoginViewController.m in Sources */ = {isa = PBXBuildFile; fileRef = 9A050A231C74495200D4ACDC /* LoginViewController.m */; };
		9A050A451C74495200D4ACDC /* BaseVCViewModel.m in Sources */ = {isa = PBXBuildFile; fileRef = 9A050A261C74495200D4ACDC /* BaseVCViewModel.m */; };
		9A050A461C74495200D4ACDC /* LoginVCViewModel.m in Sources */ = {isa = PBXBuildFile; fileRef = 9A050A281C74495200D4ACDC /* LoginVCViewModel.m */; };
		9A050A471C74495200D4ACDC /* ACL.m in Sources */ = {isa = PBXBuildFile; fileRef = 9A050A2C1C74495200D4ACDC /* ACL.m */; };
		9A050A481C74495200D4ACDC /* Bee_Sandbox.mm in Sources */ = {isa = PBXBuildFile; fileRef = 9A050A2F1C74495200D4ACDC /* Bee_Sandbox.mm */; };
		9A050A491C74495200D4ACDC /* NSStringWrapper.m in Sources */ = {isa = PBXBuildFile; fileRef = 9A050A321C74495200D4ACDC /* NSStringWrapper.m */; };
		9A050A4B1C744AA500D4ACDC /* Foundation.framework in Frameworks */ = {isa = PBXBuildFile; fileRef = 9A050A4A1C744AA500D4ACDC /* Foundation.framework */; };
		9A050A4E1C744BBF00D4ACDC /* LyViewController.m in Sources */ = {isa = PBXBuildFile; fileRef = 9A050A4D1C744BBF00D4ACDC /* LyViewController.m */; };
		9A050A511C744BD100D4ACDC /* LyScrollView.m in Sources */ = {isa = PBXBuildFile; fileRef = 9A050A501C744BD100D4ACDC /* LyScrollView.m */; };
		9A050A541C744C0800D4ACDC /* LyDeepLink.m in Sources */ = {isa = PBXBuildFile; fileRef = 9A050A531C744C0800D4ACDC /* LyDeepLink.m */; };
		9A050A571C7453F200D4ACDC /* LyRequest.m in Sources */ = {isa = PBXBuildFile; fileRef = 9A050A561C7453F200D4ACDC /* LyRequest.m */; };
		9A050A5A1C74542600D4ACDC /* LoginApi.m in Sources */ = {isa = PBXBuildFile; fileRef = 9A050A591C74542600D4ACDC /* LoginApi.m */; };
		9A2EF5031C7D4AC9006404BE /* NSObject+YYModel.m in Sources */ = {isa = PBXBuildFile; fileRef = 9A2EF4FF1C7D4AC9006404BE /* NSObject+YYModel.m */; };
		9A2EF5041C7D4AC9006404BE /* YYClassInfo.m in Sources */ = {isa = PBXBuildFile; fileRef = 9A2EF5011C7D4AC9006404BE /* YYClassInfo.m */; };
		9A53BECF1C75A7E900E97463 /* LyIPConfig.m in Sources */ = {isa = PBXBuildFile; fileRef = 9A53BECE1C75A7E900E97463 /* LyIPConfig.m */; };
		9A53BED21C75B35B00E97463 /* LyAppConfig.m in Sources */ = {isa = PBXBuildFile; fileRef = 9A53BED11C75B35B00E97463 /* LyAppConfig.m */; };
		9A5BF2931C7AF20800D26778 /* LoginModel.m in Sources */ = {isa = PBXBuildFile; fileRef = 9A5BF2921C7AF20800D26778 /* LoginModel.m */; };
		9AEEC34A1C74458800A411C1 /* main.m in Sources */ = {isa = PBXBuildFile; fileRef = 9AEEC3491C74458800A411C1 /* main.m */; };
		9AEEC3581C74458800A411C1 /* Assets.xcassets in Resources */ = {isa = PBXBuildFile; fileRef = 9AEEC3571C74458800A411C1 /* Assets.xcassets */; };
		9AEEC3661C74458800A411C1 /* LyObjcDemoTests.m in Sources */ = {isa = PBXBuildFile; fileRef = 9AEEC3651C74458800A411C1 /* LyObjcDemoTests.m */; };
		9AEEC3711C74458800A411C1 /* LyObjcDemoUITests.m in Sources */ = {isa = PBXBuildFile; fileRef = 9AEEC3701C74458800A411C1 /* LyObjcDemoUITests.m */; };
		BD7C4FEF24008E42C412E0A9 /* Pods.framework in Frameworks */ = {isa = PBXBuildFile; fileRef = 0E3B6DA08FC0A1E3D40AA3CF /* Pods.framework */; };
/* End PBXBuildFile section */

/* Begin PBXContainerItemProxy section */
		9AEEC3621C74458800A411C1 /* PBXContainerItemProxy */ = {
			isa = PBXContainerItemProxy;
			containerPortal = 9AEEC33D1C74458800A411C1 /* Project object */;
			proxyType = 1;
			remoteGlobalIDString = 9AEEC3441C74458800A411C1;
			remoteInfo = LyObjcDemo;
		};
		9AEEC36D1C74458800A411C1 /* PBXContainerItemProxy */ = {
			isa = PBXContainerItemProxy;
			containerPortal = 9AEEC33D1C74458800A411C1 /* Project object */;
			proxyType = 1;
			remoteGlobalIDString = 9AEEC3441C74458800A411C1;
			remoteInfo = LyObjcDemo;
		};
/* End PBXContainerItemProxy section */

/* Begin PBXFileReference section */
		0E3B6DA08FC0A1E3D40AA3CF /* Pods.framework */ = {isa = PBXFileReference; explicitFileType = wrapper.framework; includeInIndex = 0; path = Pods.framework; sourceTree = BUILT_PRODUCTS_DIR; };
		5FA381058CF4C180BC24D981 /* Pods.debug.xcconfig */ = {isa = PBXFileReference; includeInIndex = 1; lastKnownFileType = text.xcconfig; name = Pods.debug.xcconfig; path = "Pods/Target Support Files/Pods/Pods.debug.xcconfig"; sourceTree = "<group>"; };
		9A0509A81C74494800D4ACDC /* AutoCycleScrollViewContrtoller.h */ = {isa = PBXFileReference; fileEncoding = 4; lastKnownFileType = sourcecode.c.h; path = AutoCycleScrollViewContrtoller.h; sourceTree = "<group>"; };
		9A0509A91C74494800D4ACDC /* AutoCycleScrollViewContrtoller.m */ = {isa = PBXFileReference; fileEncoding = 4; lastKnownFileType = sourcecode.c.objc; path = AutoCycleScrollViewContrtoller.m; sourceTree = "<group>"; };
		9A0509AC1C74494800D4ACDC /* networkASIDemoViewController.h */ = {isa = PBXFileReference; fileEncoding = 4; lastKnownFileType = sourcecode.c.h; path = networkASIDemoViewController.h; sourceTree = "<group>"; };
		9A0509AD1C74494800D4ACDC /* networkASIDemoViewController.m */ = {isa = PBXFileReference; fileEncoding = 4; lastKnownFileType = sourcecode.c.objc; path = networkASIDemoViewController.m; sourceTree = "<group>"; };
		9A0509AE1C74494800D4ACDC /* networkDemoViewController.h */ = {isa = PBXFileReference; fileEncoding = 4; lastKnownFileType = sourcecode.c.h; path = networkDemoViewController.h; sourceTree = "<group>"; };
		9A0509AF1C74494800D4ACDC /* networkDemoViewController.m */ = {isa = PBXFileReference; fileEncoding = 4; lastKnownFileType = sourcecode.c.objc; path = networkDemoViewController.m; sourceTree = "<group>"; };
		9A0509B11C74494800D4ACDC /* BlockTestViewController.h */ = {isa = PBXFileReference; fileEncoding = 4; lastKnownFileType = sourcecode.c.h; path = BlockTestViewController.h; sourceTree = "<group>"; };
		9A0509B21C74494800D4ACDC /* BlockTestViewController.m */ = {isa = PBXFileReference; fileEncoding = 4; lastKnownFileType = sourcecode.c.objc; path = BlockTestViewController.m; sourceTree = "<group>"; };
		9A0509B31C74494800D4ACDC /* ObjcDemoViewController.h */ = {isa = PBXFileReference; fileEncoding = 4; lastKnownFileType = sourcecode.c.h; path = ObjcDemoViewController.h; sourceTree = "<group>"; };
		9A0509B41C74494800D4ACDC /* ObjcDemoViewController.m */ = {isa = PBXFileReference; fileEncoding = 4; lastKnownFileType = sourcecode.c.objc; path = ObjcDemoViewController.m; sourceTree = "<group>"; };
		9A0509B51C74494800D4ACDC /* OpenURLViewController.h */ = {isa = PBXFileReference; fileEncoding = 4; lastKnownFileType = sourcecode.c.h; path = OpenURLViewController.h; sourceTree = "<group>"; };
		9A0509B61C74494800D4ACDC /* OpenURLViewController.m */ = {isa = PBXFileReference; fileEncoding = 4; lastKnownFileType = sourcecode.c.objc; path = OpenURLViewController.m; sourceTree = "<group>"; };
		9A0509B81C74494800D4ACDC /* PriceTotalViewController.h */ = {isa = PBXFileReference; fileEncoding = 4; lastKnownFileType = sourcecode.c.h; path = PriceTotalViewController.h; sourceTree = "<group>"; };
		9A0509B91C74494800D4ACDC /* PriceTotalViewController.m */ = {isa = PBXFileReference; fileEncoding = 4; lastKnownFileType = sourcecode.c.objc; path = PriceTotalViewController.m; sourceTree = "<group>"; };
		9A0509BA1C74494800D4ACDC /* ProductCell.h */ = {isa = PBXFileReference; fileEncoding = 4; lastKnownFileType = sourcecode.c.h; path = ProductCell.h; sourceTree = "<group>"; };
		9A0509BB1C74494800D4ACDC /* ProductCell.m */ = {isa = PBXFileReference; fileEncoding = 4; lastKnownFileType = sourcecode.c.objc; path = ProductCell.m; sourceTree = "<group>"; };
		9A0509BC1C74494800D4ACDC /* Tab1ViewController.h */ = {isa = PBXFileReference; fileEncoding = 4; lastKnownFileType = sourcecode.c.h; path = Tab1ViewController.h; sourceTree = "<group>"; };
		9A0509BD1C74494800D4ACDC /* Tab1ViewController.m */ = {isa = PBXFileReference; fileEncoding = 4; lastKnownFileType = sourcecode.c.objc; path = Tab1ViewController.m; sourceTree = "<group>"; };
		9A0509BF1C74494800D4ACDC /* Tab2ViewController.h */ = {isa = PBXFileReference; fileEncoding = 4; lastKnownFileType = sourcecode.c.h; path = Tab2ViewController.h; sourceTree = "<group>"; };
		9A0509C01C74494800D4ACDC /* Tab2ViewController.m */ = {isa = PBXFileReference; fileEncoding = 4; lastKnownFileType = sourcecode.c.objc; path = Tab2ViewController.m; sourceTree = "<group>"; };
		9A0509C21C74494800D4ACDC /* AppDelegate.h */ = {isa = PBXFileReference; fileEncoding = 4; lastKnownFileType = sourcecode.c.h; path = AppDelegate.h; sourceTree = "<group>"; };
		9A0509C31C74494800D4ACDC /* AppDelegate.m */ = {isa = PBXFileReference; fileEncoding = 4; lastKnownFileType = sourcecode.c.objc; path = AppDelegate.m; sourceTree = "<group>"; };
		9A0509CA1C74494800D4ACDC /* WebViewRootController.h */ = {isa = PBXFileReference; fileEncoding = 4; lastKnownFileType = sourcecode.c.h; path = WebViewRootController.h; sourceTree = "<group>"; };
		9A0509CB1C74494800D4ACDC /* WebViewRootController.m */ = {isa = PBXFileReference; fileEncoding = 4; lastKnownFileType = sourcecode.c.objc; path = WebViewRootController.m; sourceTree = "<group>"; };
		9A0509CD1C74494800D4ACDC /* BaseModel.h */ = {isa = PBXFileReference; fileEncoding = 4; lastKnownFileType = sourcecode.c.h; path = BaseModel.h; sourceTree = "<group>"; };
		9A0509CE1C74494800D4ACDC /* BaseModel.m */ = {isa = PBXFileReference; fileEncoding = 4; lastKnownFileType = sourcecode.c.objc; path = BaseModel.m; sourceTree = "<group>"; };
		9A0509CF1C74494800D4ACDC /* EasemobAccountBean.h */ = {isa = PBXFileReference; fileEncoding = 4; lastKnownFileType = sourcecode.c.h; path = EasemobAccountBean.h; sourceTree = "<group>"; };
		9A0509D01C74494800D4ACDC /* EasemobAccountBean.m */ = {isa = PBXFileReference; fileEncoding = 4; lastKnownFileType = sourcecode.c.objc; path = EasemobAccountBean.m; sourceTree = "<group>"; };
		9A0509D11C74494800D4ACDC /* Product.h */ = {isa = PBXFileReference; fileEncoding = 4; lastKnownFileType = sourcecode.c.h; path = Product.h; sourceTree = "<group>"; };
		9A0509D21C74494800D4ACDC /* Product.m */ = {isa = PBXFileReference; fileEncoding = 4; lastKnownFileType = sourcecode.c.objc; path = Product.m; sourceTree = "<group>"; };
		9A0509D31C74494800D4ACDC /* v2loginActionlogin.h */ = {isa = PBXFileReference; fileEncoding = 4; lastKnownFileType = sourcecode.c.h; path = v2loginActionlogin.h; sourceTree = "<group>"; };
		9A0509D41C74494800D4ACDC /* v2loginActionlogin.m */ = {isa = PBXFileReference; fileEncoding = 4; lastKnownFileType = sourcecode.c.objc; path = v2loginActionlogin.m; sourceTree = "<group>"; };
		9A0509D91C74494800D4ACDC /* Default@3x-1.png */ = {isa = PBXFileReference; lastKnownFileType = image.png; path = "Default@3x-1.png"; sourceTree = "<group>"; };
		9A0509DA1C74494800D4ACDC /* demo.zip */ = {isa = PBXFileReference; lastKnownFileType = archive.zip; path = demo.zip; sourceTree = "<group>"; };
		9A0509DB1C74494800D4ACDC /* PrefixHeader.pch */ = {isa = PBXFileReference; fileEncoding = 4; lastKnownFileType = sourcecode.c.h; path = PrefixHeader.pch; sourceTree = "<group>"; };
		9A0509DC1C74494800D4ACDC /* ClearCacheViewController.h */ = {isa = PBXFileReference; fileEncoding = 4; lastKnownFileType = sourcecode.c.h; path = ClearCacheViewController.h; sourceTree = "<group>"; };
		9A0509DD1C74494800D4ACDC /* ClearCacheViewController.m */ = {isa = PBXFileReference; fileEncoding = 4; lastKnownFileType = sourcecode.c.objc; path = ClearCacheViewController.m; sourceTree = "<group>"; };
		9A0509DE1C74494800D4ACDC /* testA.m */ = {isa = PBXFileReference; fileEncoding = 4; lastKnownFileType = sourcecode.c.objc; path = testA.m; sourceTree = "<group>"; };
		9A0509DF1C74494800D4ACDC /* testA.h */ = {isa = PBXFileReference; fileEncoding = 4; lastKnownFileType = sourcecode.c.h; path = testA.h; sourceTree = "<group>"; };
		9A0509E01C74494800D4ACDC /* testAc.m */ = {isa = PBXFileReference; fileEncoding = 4; lastKnownFileType = sourcecode.c.objc; path = testAc.m; sourceTree = "<group>"; };
		9A0509E11C74494800D4ACDC /* testBd.h */ = {isa = PBXFileReference; fileEncoding = 4; lastKnownFileType = sourcecode.c.h; path = testBd.h; sourceTree = "<group>"; };
		9A0509E21C74494800D4ACDC /* testBd.m */ = {isa = PBXFileReference; fileEncoding = 4; lastKnownFileType = sourcecode.c.objc; path = testBd.m; sourceTree = "<group>"; };
		9A0509E31C74494800D4ACDC /* testAc.h */ = {isa = PBXFileReference; fileEncoding = 4; lastKnownFileType = sourcecode.c.h; path = testAc.h; sourceTree = "<group>"; };
		9A0509E41C74494800D4ACDC /* testB.h */ = {isa = PBXFileReference; fileEncoding = 4; lastKnownFileType = sourcecode.c.h; path = testB.h; sourceTree = "<group>"; };
		9A0509E51C74494800D4ACDC /* testB.m */ = {isa = PBXFileReference; fileEncoding = 4; lastKnownFileType = sourcecode.c.objc; path = testB.m; sourceTree = "<group>"; };
		9A050A021C74495200D4ACDC /* testAnimationViewController.h */ = {isa = PBXFileReference; fileEncoding = 4; lastKnownFileType = sourcecode.c.h; path = testAnimationViewController.h; sourceTree = "<group>"; };
		9A050A031C74495200D4ACDC /* testAnimationViewController.m */ = {isa = PBXFileReference; fileEncoding = 4; lastKnownFileType = sourcecode.c.objc; path = testAnimationViewController.m; sourceTree = "<group>"; };
		9A050A051C74495200D4ACDC /* DataSaveListViewController.h */ = {isa = PBXFileReference; fileEncoding = 4; lastKnownFileType = sourcecode.c.h; path = DataSaveListViewController.h; sourceTree = "<group>"; };
		9A050A061C74495200D4ACDC /* DataSaveListViewController.m */ = {isa = PBXFileReference; fileEncoding = 4; lastKnownFileType = sourcecode.c.objc; path = DataSaveListViewController.m; sourceTree = "<group>"; };
		9A050A071C74495200D4ACDC /* FMDBDemoViewController.h */ = {isa = PBXFileReference; fileEncoding = 4; lastKnownFileType = sourcecode.c.h; path = FMDBDemoViewController.h; sourceTree = "<group>"; };
		9A050A081C74495200D4ACDC /* FMDBDemoViewController.m */ = {isa = PBXFileReference; fileEncoding = 4; lastKnownFileType = sourcecode.c.objc; path = FMDBDemoViewController.m; sourceTree = "<group>"; };
		9A050A0A1C74495200D4ACDC /* DeepLinkListViewController.h */ = {isa = PBXFileReference; fileEncoding = 4; lastKnownFileType = sourcecode.c.h; path = DeepLinkListViewController.h; sourceTree = "<group>"; };
		9A050A0B1C74495200D4ACDC /* DeepLinkListViewController.m */ = {isa = PBXFileReference; fileEncoding = 4; lastKnownFileType = sourcecode.c.objc; path = DeepLinkListViewController.m; sourceTree = "<group>"; };
		9A050A0C1C74495200D4ACDC /* ExecuteDeepLinkViewController.h */ = {isa = PBXFileReference; fileEncoding = 4; lastKnownFileType = sourcecode.c.h; path = ExecuteDeepLinkViewController.h; sourceTree = "<group>"; };
		9A050A0D1C74495200D4ACDC /* ExecuteDeepLinkViewController.m */ = {isa = PBXFileReference; fileEncoding = 4; lastKnownFileType = sourcecode.c.objc; path = ExecuteDeepLinkViewController.m; sourceTree = "<group>"; };
		9A050A101C74495200D4ACDC /* ProductDetailViewController.h */ = {isa = PBXFileReference; fileEncoding = 4; lastKnownFileType = sourcecode.c.h; path = ProductDetailViewController.h; sourceTree = "<group>"; };
		9A050A111C74495200D4ACDC /* ProductDetailViewController.m */ = {isa = PBXFileReference; fileEncoding = 4; lastKnownFileType = sourcecode.c.objc; path = ProductDetailViewController.m; sourceTree = "<group>"; };
		9A050A131C74495200D4ACDC /* testImageCell.h */ = {isa = PBXFileReference; fileEncoding = 4; lastKnownFileType = sourcecode.c.h; path = testImageCell.h; sourceTree = "<group>"; };
		9A050A141C74495200D4ACDC /* testImageCell.m */ = {isa = PBXFileReference; fileEncoding = 4; lastKnownFileType = sourcecode.c.objc; path = testImageCell.m; sourceTree = "<group>"; };
		9A050A151C74495200D4ACDC /* testImageViewController.h */ = {isa = PBXFileReference; fileEncoding = 4; lastKnownFileType = sourcecode.c.h; path = testImageViewController.h; sourceTree = "<group>"; };
		9A050A161C74495200D4ACDC /* testImageViewController.m */ = {isa = PBXFileReference; fileEncoding = 4; lastKnownFileType = sourcecode.c.objc; path = testImageViewController.m; sourceTree = "<group>"; };
		9A050A171C74495200D4ACDC /* testImageViewControllerTable.h */ = {isa = PBXFileReference; fileEncoding = 4; lastKnownFileType = sourcecode.c.h; path = testImageViewControllerTable.h; sourceTree = "<group>"; };
		9A050A181C74495200D4ACDC /* testImageViewControllerTable.m */ = {isa = PBXFileReference; fileEncoding = 4; lastKnownFileType = sourcecode.c.objc; path = testImageViewControllerTable.m; sourceTree = "<group>"; };
		9A050A1A1C74495200D4ACDC /* BaseHTTPService.h */ = {isa = PBXFileReference; fileEncoding = 4; lastKnownFileType = sourcecode.c.h; path = BaseHTTPService.h; sourceTree = "<group>"; };
		9A050A1B1C74495200D4ACDC /* BaseHTTPService.m */ = {isa = PBXFileReference; fileEncoding = 4; lastKnownFileType = sourcecode.c.objc; path = BaseHTTPService.m; sourceTree = "<group>"; };
		9A050A1C1C74495200D4ACDC /* testAFNetworkingViewC.h */ = {isa = PBXFileReference; fileEncoding = 4; lastKnownFileType = sourcecode.c.h; path = testAFNetworkingViewC.h; sourceTree = "<group>"; };
		9A050A1D1C74495200D4ACDC /* testAFNetworkingViewC.m */ = {isa = PBXFileReference; fileEncoding = 4; lastKnownFileType = sourcecode.c.objc; path = testAFNetworkingViewC.m; sourceTree = "<group>"; };
		9A050A201C74495200D4ACDC /* LoginSuccessViewController.h */ = {isa = PBXFileReference; fileEncoding = 4; lastKnownFileType = sourcecode.c.h; path = LoginSuccessViewController.h; sourceTree = "<group>"; };
		9A050A211C74495200D4ACDC /* LoginSuccessViewController.m */ = {isa = PBXFileReference; fileEncoding = 4; lastKnownFileType = sourcecode.c.objc; path = LoginSuccessViewController.m; sourceTree = "<group>"; };
		9A050A221C74495200D4ACDC /* LoginViewController.h */ = {isa = PBXFileReference; fileEncoding = 4; lastKnownFileType = sourcecode.c.h; path = LoginViewController.h; sourceTree = "<group>"; };
		9A050A231C74495200D4ACDC /* LoginViewController.m */ = {isa = PBXFileReference; fileEncoding = 4; lastKnownFileType = sourcecode.c.objc; path = LoginViewController.m; sourceTree = "<group>"; };
		9A050A251C74495200D4ACDC /* BaseVCViewModel.h */ = {isa = PBXFileReference; fileEncoding = 4; lastKnownFileType = sourcecode.c.h; path = BaseVCViewModel.h; sourceTree = "<group>"; };
		9A050A261C74495200D4ACDC /* BaseVCViewModel.m */ = {isa = PBXFileReference; fileEncoding = 4; lastKnownFileType = sourcecode.c.objc; path = BaseVCViewModel.m; sourceTree = "<group>"; };
		9A050A271C74495200D4ACDC /* LoginVCViewModel.h */ = {isa = PBXFileReference; fileEncoding = 4; lastKnownFileType = sourcecode.c.h; path = LoginVCViewModel.h; sourceTree = "<group>"; };
		9A050A281C74495200D4ACDC /* LoginVCViewModel.m */ = {isa = PBXFileReference; fileEncoding = 4; lastKnownFileType = sourcecode.c.objc; path = LoginVCViewModel.m; sourceTree = "<group>"; };
		9A050A2B1C74495200D4ACDC /* ACL.h */ = {isa = PBXFileReference; fileEncoding = 4; lastKnownFileType = sourcecode.c.h; path = ACL.h; sourceTree = "<group>"; };
		9A050A2C1C74495200D4ACDC /* ACL.m */ = {isa = PBXFileReference; fileEncoding = 4; lastKnownFileType = sourcecode.c.objc; path = ACL.m; sourceTree = "<group>"; };
		9A050A2E1C74495200D4ACDC /* Bee_Sandbox.h */ = {isa = PBXFileReference; fileEncoding = 4; lastKnownFileType = sourcecode.c.h; path = Bee_Sandbox.h; sourceTree = "<group>"; };
		9A050A2F1C74495200D4ACDC /* Bee_Sandbox.mm */ = {isa = PBXFileReference; fileEncoding = 4; lastKnownFileType = sourcecode.cpp.objcpp; path = Bee_Sandbox.mm; sourceTree = "<group>"; };
		9A050A311C74495200D4ACDC /* NSStringWrapper.h */ = {isa = PBXFileReference; fileEncoding = 4; lastKnownFileType = sourcecode.c.h; path = NSStringWrapper.h; sourceTree = "<group>"; };
		9A050A321C74495200D4ACDC /* NSStringWrapper.m */ = {isa = PBXFileReference; fileEncoding = 4; lastKnownFileType = sourcecode.c.objc; path = NSStringWrapper.m; sourceTree = "<group>"; };
		9A050A341C74495200D4ACDC /* MacroUtils.h */ = {isa = PBXFileReference; fileEncoding = 4; lastKnownFileType = sourcecode.c.h; path = MacroUtils.h; sourceTree = "<group>"; };
		9A050A351C74495200D4ACDC /* UIConstants.h */ = {isa = PBXFileReference; fileEncoding = 4; lastKnownFileType = sourcecode.c.h; path = UIConstants.h; sourceTree = "<group>"; };
		9A050A361C74495200D4ACDC /* VersionCompare.h */ = {isa = PBXFileReference; fileEncoding = 4; lastKnownFileType = sourcecode.c.h; path = VersionCompare.h; sourceTree = "<group>"; };
		9A050A4A1C744AA500D4ACDC /* Foundation.framework */ = {isa = PBXFileReference; lastKnownFileType = wrapper.framework; name = Foundation.framework; path = System/Library/Frameworks/Foundation.framework; sourceTree = SDKROOT; };
		9A050A4C1C744BBF00D4ACDC /* LyViewController.h */ = {isa = PBXFileReference; fileEncoding = 4; lastKnownFileType = sourcecode.c.h; path = LyViewController.h; sourceTree = "<group>"; };
		9A050A4D1C744BBF00D4ACDC /* LyViewController.m */ = {isa = PBXFileReference; fileEncoding = 4; lastKnownFileType = sourcecode.c.objc; path = LyViewController.m; sourceTree = "<group>"; };
		9A050A4F1C744BD100D4ACDC /* LyScrollView.h */ = {isa = PBXFileReference; fileEncoding = 4; lastKnownFileType = sourcecode.c.h; path = LyScrollView.h; sourceTree = "<group>"; };
		9A050A501C744BD100D4ACDC /* LyScrollView.m */ = {isa = PBXFileReference; fileEncoding = 4; lastKnownFileType = sourcecode.c.objc; path = LyScrollView.m; sourceTree = "<group>"; };
		9A050A521C744C0800D4ACDC /* LyDeepLink.h */ = {isa = PBXFileReference; fileEncoding = 4; lastKnownFileType = sourcecode.c.h; path = LyDeepLink.h; sourceTree = "<group>"; };
		9A050A531C744C0800D4ACDC /* LyDeepLink.m */ = {isa = PBXFileReference; fileEncoding = 4; lastKnownFileType = sourcecode.c.objc; path = LyDeepLink.m; sourceTree = "<group>"; };
		9A050A551C7453F200D4ACDC /* LyRequest.h */ = {isa = PBXFileReference; fileEncoding = 4; lastKnownFileType = sourcecode.c.h; path = LyRequest.h; sourceTree = "<group>"; };
		9A050A561C7453F200D4ACDC /* LyRequest.m */ = {isa = PBXFileReference; fileEncoding = 4; lastKnownFileType = sourcecode.c.objc; path = LyRequest.m; sourceTree = "<group>"; };
		9A050A581C74542600D4ACDC /* LoginApi.h */ = {isa = PBXFileReference; fileEncoding = 4; lastKnownFileType = sourcecode.c.h; path = LoginApi.h; sourceTree = "<group>"; };
		9A050A591C74542600D4ACDC /* LoginApi.m */ = {isa = PBXFileReference; fileEncoding = 4; lastKnownFileType = sourcecode.c.objc; path = LoginApi.m; sourceTree = "<group>"; };
		9A2EF4FE1C7D4AC9006404BE /* NSObject+YYModel.h */ = {isa = PBXFileReference; fileEncoding = 4; lastKnownFileType = sourcecode.c.h; path = "NSObject+YYModel.h"; sourceTree = "<group>"; };
		9A2EF4FF1C7D4AC9006404BE /* NSObject+YYModel.m */ = {isa = PBXFileReference; fileEncoding = 4; lastKnownFileType = sourcecode.c.objc; path = "NSObject+YYModel.m"; sourceTree = "<group>"; };
		9A2EF5001C7D4AC9006404BE /* YYClassInfo.h */ = {isa = PBXFileReference; fileEncoding = 4; lastKnownFileType = sourcecode.c.h; path = YYClassInfo.h; sourceTree = "<group>"; };
		9A2EF5011C7D4AC9006404BE /* YYClassInfo.m */ = {isa = PBXFileReference; fileEncoding = 4; lastKnownFileType = sourcecode.c.objc; path = YYClassInfo.m; sourceTree = "<group>"; };
		9A2EF5021C7D4AC9006404BE /* YYModel.h */ = {isa = PBXFileReference; fileEncoding = 4; lastKnownFileType = sourcecode.c.h; path = YYModel.h; sourceTree = "<group>"; };
		9A53BECD1C75A7E900E97463 /* LyIPConfig.h */ = {isa = PBXFileReference; fileEncoding = 4; lastKnownFileType = sourcecode.c.h; path = LyIPConfig.h; sourceTree = "<group>"; };
		9A53BECE1C75A7E900E97463 /* LyIPConfig.m */ = {isa = PBXFileReference; fileEncoding = 4; lastKnownFileType = sourcecode.c.objc; path = LyIPConfig.m; sourceTree = "<group>"; };
		9A53BED01C75B35B00E97463 /* LyAppConfig.h */ = {isa = PBXFileReference; fileEncoding = 4; lastKnownFileType = sourcecode.c.h; path = LyAppConfig.h; sourceTree = "<group>"; };
		9A53BED11C75B35B00E97463 /* LyAppConfig.m */ = {isa = PBXFileReference; fileEncoding = 4; lastKnownFileType = sourcecode.c.objc; path = LyAppConfig.m; sourceTree = "<group>"; };
		9A5BF2911C7AF20800D26778 /* LoginModel.h */ = {isa = PBXFileReference; fileEncoding = 4; lastKnownFileType = sourcecode.c.h; path = LoginModel.h; sourceTree = "<group>"; };
		9A5BF2921C7AF20800D26778 /* LoginModel.m */ = {isa = PBXFileReference; fileEncoding = 4; lastKnownFileType = sourcecode.c.objc; path = LoginModel.m; sourceTree = "<group>"; };
		9AEEC3451C74458800A411C1 /* LyObjcDemo.app */ = {isa = PBXFileReference; explicitFileType = wrapper.application; includeInIndex = 0; path = LyObjcDemo.app; sourceTree = BUILT_PRODUCTS_DIR; };
		9AEEC3491C74458800A411C1 /* main.m */ = {isa = PBXFileReference; lastKnownFileType = sourcecode.c.objc; path = main.m; sourceTree = "<group>"; };
		9AEEC3571C74458800A411C1 /* Assets.xcassets */ = {isa = PBXFileReference; lastKnownFileType = folder.assetcatalog; path = Assets.xcassets; sourceTree = "<group>"; };
		9AEEC35C1C74458800A411C1 /* Info.plist */ = {isa = PBXFileReference; lastKnownFileType = text.plist.xml; path = Info.plist; sourceTree = "<group>"; };
		9AEEC3611C74458800A411C1 /* LyObjcDemoTests.xctest */ = {isa = PBXFileReference; explicitFileType = wrapper.cfbundle; includeInIndex = 0; path = LyObjcDemoTests.xctest; sourceTree = BUILT_PRODUCTS_DIR; };
		9AEEC3651C74458800A411C1 /* LyObjcDemoTests.m */ = {isa = PBXFileReference; lastKnownFileType = sourcecode.c.objc; path = LyObjcDemoTests.m; sourceTree = "<group>"; };
		9AEEC3671C74458800A411C1 /* Info.plist */ = {isa = PBXFileReference; lastKnownFileType = text.plist.xml; path = Info.plist; sourceTree = "<group>"; };
		9AEEC36C1C74458800A411C1 /* LyObjcDemoUITests.xctest */ = {isa = PBXFileReference; explicitFileType = wrapper.cfbundle; includeInIndex = 0; path = LyObjcDemoUITests.xctest; sourceTree = BUILT_PRODUCTS_DIR; };
		9AEEC3701C74458800A411C1 /* LyObjcDemoUITests.m */ = {isa = PBXFileReference; lastKnownFileType = sourcecode.c.objc; path = LyObjcDemoUITests.m; sourceTree = "<group>"; };
		9AEEC3721C74458800A411C1 /* Info.plist */ = {isa = PBXFileReference; lastKnownFileType = text.plist.xml; path = Info.plist; sourceTree = "<group>"; };
		A56FD56B09BFDA3DAD908EA1 /* Pods.release.xcconfig */ = {isa = PBXFileReference; includeInIndex = 1; lastKnownFileType = text.xcconfig; name = Pods.release.xcconfig; path = "Pods/Target Support Files/Pods/Pods.release.xcconfig"; sourceTree = "<group>"; };
/* End PBXFileReference section */

/* Begin PBXFrameworksBuildPhase section */
		9AEEC3421C74458800A411C1 /* Frameworks */ = {
			isa = PBXFrameworksBuildPhase;
			buildActionMask = 2147483647;
			files = (
				9A050A4B1C744AA500D4ACDC /* Foundation.framework in Frameworks */,
				BD7C4FEF24008E42C412E0A9 /* Pods.framework in Frameworks */,
			);
			runOnlyForDeploymentPostprocessing = 0;
		};
		9AEEC35E1C74458800A411C1 /* Frameworks */ = {
			isa = PBXFrameworksBuildPhase;
			buildActionMask = 2147483647;
			files = (
			);
			runOnlyForDeploymentPostprocessing = 0;
		};
		9AEEC3691C74458800A411C1 /* Frameworks */ = {
			isa = PBXFrameworksBuildPhase;
			buildActionMask = 2147483647;
			files = (
			);
			runOnlyForDeploymentPostprocessing = 0;
		};
/* End PBXFrameworksBuildPhase section */

/* Begin PBXGroup section */
		801F08126F62A2F0C8F5875F /* Pods */ = {
			isa = PBXGroup;
			children = (
				5FA381058CF4C180BC24D981 /* Pods.debug.xcconfig */,
				A56FD56B09BFDA3DAD908EA1 /* Pods.release.xcconfig */,
			);
			name = Pods;
			sourceTree = "<group>";
		};
		9A0509A61C74494800D4ACDC /* viewController */ = {
			isa = PBXGroup;
			children = (
				9A0509A71C74494800D4ACDC /* tab1 */,
				9A0509BE1C74494800D4ACDC /* tab2 */,
			);
			path = viewController;
			sourceTree = "<group>";
		};
		9A0509A71C74494800D4ACDC /* tab1 */ = {
			isa = PBXGroup;
			children = (
				9A0509A81C74494800D4ACDC /* AutoCycleScrollViewContrtoller.h */,
				9A0509A91C74494800D4ACDC /* AutoCycleScrollViewContrtoller.m */,
				9A0509AA1C74494800D4ACDC /* DeepLinkDemo */,
				9A0509AB1C74494800D4ACDC /* networkDemo */,
				9A0509B01C74494800D4ACDC /* objc */,
				9A0509B51C74494800D4ACDC /* OpenURLViewController.h */,
				9A0509B61C74494800D4ACDC /* OpenURLViewController.m */,
				9A0509B71C74494800D4ACDC /* ScanDemo */,
				9A0509BC1C74494800D4ACDC /* Tab1ViewController.h */,
				9A0509BD1C74494800D4ACDC /* Tab1ViewController.m */,
			);
			path = tab1;
			sourceTree = "<group>";
		};
		9A0509AA1C74494800D4ACDC /* DeepLinkDemo */ = {
			isa = PBXGroup;
			children = (
			);
			path = DeepLinkDemo;
			sourceTree = "<group>";
		};
		9A0509AB1C74494800D4ACDC /* networkDemo */ = {
			isa = PBXGroup;
			children = (
				9A0509AC1C74494800D4ACDC /* networkASIDemoViewController.h */,
				9A0509AD1C74494800D4ACDC /* networkASIDemoViewController.m */,
				9A0509AE1C74494800D4ACDC /* networkDemoViewController.h */,
				9A0509AF1C74494800D4ACDC /* networkDemoViewController.m */,
				9A050A581C74542600D4ACDC /* LoginApi.h */,
				9A050A591C74542600D4ACDC /* LoginApi.m */,
				9A5BF2911C7AF20800D26778 /* LoginModel.h */,
				9A5BF2921C7AF20800D26778 /* LoginModel.m */,
			);
			path = networkDemo;
			sourceTree = "<group>";
		};
		9A0509B01C74494800D4ACDC /* objc */ = {
			isa = PBXGroup;
			children = (
				9A0509B11C74494800D4ACDC /* BlockTestViewController.h */,
				9A0509B21C74494800D4ACDC /* BlockTestViewController.m */,
				9A0509B31C74494800D4ACDC /* ObjcDemoViewController.h */,
				9A0509B41C74494800D4ACDC /* ObjcDemoViewController.m */,
			);
			path = objc;
			sourceTree = "<group>";
		};
		9A0509B71C74494800D4ACDC /* ScanDemo */ = {
			isa = PBXGroup;
			children = (
				9A0509B81C74494800D4ACDC /* PriceTotalViewController.h */,
				9A0509B91C74494800D4ACDC /* PriceTotalViewController.m */,
				9A0509BA1C74494800D4ACDC /* ProductCell.h */,
				9A0509BB1C74494800D4ACDC /* ProductCell.m */,
			);
			path = ScanDemo;
			sourceTree = "<group>";
		};
		9A0509BE1C74494800D4ACDC /* tab2 */ = {
			isa = PBXGroup;
			children = (
				9A0509BF1C74494800D4ACDC /* Tab2ViewController.h */,
				9A0509C01C74494800D4ACDC /* Tab2ViewController.m */,
			);
			path = tab2;
			sourceTree = "<group>";
		};
		9A0509C11C74494800D4ACDC /* Application */ = {
			isa = PBXGroup;
			children = (
				9A0509C21C74494800D4ACDC /* AppDelegate.h */,
				9A0509C31C74494800D4ACDC /* AppDelegate.m */,
			);
			path = Application;
			sourceTree = "<group>";
		};
		9A0509C41C74494800D4ACDC /* General */ = {
			isa = PBXGroup;
			children = (
				9A0509C51C74494800D4ACDC /* base */,
				9A53BED01C75B35B00E97463 /* LyAppConfig.h */,
				9A53BED11C75B35B00E97463 /* LyAppConfig.m */,
			);
			path = General;
			sourceTree = "<group>";
		};
		9A0509C51C74494800D4ACDC /* base */ = {
			isa = PBXGroup;
			children = (
				9A0509CA1C74494800D4ACDC /* WebViewRootController.h */,
				9A0509CB1C74494800D4ACDC /* WebViewRootController.m */,
				9A050A4C1C744BBF00D4ACDC /* LyViewController.h */,
				9A050A4D1C744BBF00D4ACDC /* LyViewController.m */,
				9A050A4F1C744BD100D4ACDC /* LyScrollView.h */,
				9A050A501C744BD100D4ACDC /* LyScrollView.m */,
			);
			path = base;
			sourceTree = "<group>";
		};
		9A0509CC1C74494800D4ACDC /* Model */ = {
			isa = PBXGroup;
			children = (
				9A0509CD1C74494800D4ACDC /* BaseModel.h */,
				9A0509CE1C74494800D4ACDC /* BaseModel.m */,
				9A0509CF1C74494800D4ACDC /* EasemobAccountBean.h */,
				9A0509D01C74494800D4ACDC /* EasemobAccountBean.m */,
				9A0509D11C74494800D4ACDC /* Product.h */,
				9A0509D21C74494800D4ACDC /* Product.m */,
				9A0509D31C74494800D4ACDC /* v2loginActionlogin.h */,
				9A0509D41C74494800D4ACDC /* v2loginActionlogin.m */,
			);
			path = Model;
			sourceTree = "<group>";
		};
		9A0509D51C74494800D4ACDC /* ReactDemo */ = {
			isa = PBXGroup;
			children = (
				9A0509D61C74494800D4ACDC /* ViewController */,
				9A0509D71C74494800D4ACDC /* ViewModel */,
			);
			path = ReactDemo;
			sourceTree = "<group>";
		};
		9A0509D61C74494800D4ACDC /* ViewController */ = {
			isa = PBXGroup;
			children = (
			);
			path = ViewController;
			sourceTree = "<group>";
		};
		9A0509D71C74494800D4ACDC /* ViewModel */ = {
			isa = PBXGroup;
			children = (
			);
			path = ViewModel;
			sourceTree = "<group>";
		};
		9A0509D81C74494800D4ACDC /* Resource */ = {
			isa = PBXGroup;
			children = (
				9A0509D91C74494800D4ACDC /* Default@3x-1.png */,
				9A0509DA1C74494800D4ACDC /* demo.zip */,
			);
			path = Resource;
			sourceTree = "<group>";
		};
		9A0509FF1C74495200D4ACDC /* Section */ = {
			isa = PBXGroup;
			children = (
				9A050A001C74495200D4ACDC /* alertView */,
				9A050A011C74495200D4ACDC /* Animation */,
				9A050A041C74495200D4ACDC /* dataSave */,
				9A050A091C74495200D4ACDC /* DeepLink */,
				9A050A121C74495200D4ACDC /* image */,
				9A050A191C74495200D4ACDC /* network */,
				9A050A1E1C74495200D4ACDC /* ReactDemo */,
			);
			path = Section;
			sourceTree = "<group>";
		};
		9A050A001C74495200D4ACDC /* alertView */ = {
			isa = PBXGroup;
			children = (
			);
			path = alertView;
			sourceTree = "<group>";
		};
		9A050A011C74495200D4ACDC /* Animation */ = {
			isa = PBXGroup;
			children = (
				9A050A021C74495200D4ACDC /* testAnimationViewController.h */,
				9A050A031C74495200D4ACDC /* testAnimationViewController.m */,
			);
			path = Animation;
			sourceTree = "<group>";
		};
		9A050A041C74495200D4ACDC /* dataSave */ = {
			isa = PBXGroup;
			children = (
				9A050A051C74495200D4ACDC /* DataSaveListViewController.h */,
				9A050A061C74495200D4ACDC /* DataSaveListViewController.m */,
				9A050A071C74495200D4ACDC /* FMDBDemoViewController.h */,
				9A050A081C74495200D4ACDC /* FMDBDemoViewController.m */,
			);
			path = dataSave;
			sourceTree = "<group>";
		};
		9A050A091C74495200D4ACDC /* DeepLink */ = {
			isa = PBXGroup;
			children = (
				9A050A0A1C74495200D4ACDC /* DeepLinkListViewController.h */,
				9A050A0B1C74495200D4ACDC /* DeepLinkListViewController.m */,
				9A050A0C1C74495200D4ACDC /* ExecuteDeepLinkViewController.h */,
				9A050A0D1C74495200D4ACDC /* ExecuteDeepLinkViewController.m */,
				9A050A101C74495200D4ACDC /* ProductDetailViewController.h */,
				9A050A111C74495200D4ACDC /* ProductDetailViewController.m */,
				9A050A521C744C0800D4ACDC /* LyDeepLink.h */,
				9A050A531C744C0800D4ACDC /* LyDeepLink.m */,
			);
			path = DeepLink;
			sourceTree = "<group>";
		};
		9A050A121C74495200D4ACDC /* image */ = {
			isa = PBXGroup;
			children = (
				9A050A131C74495200D4ACDC /* testImageCell.h */,
				9A050A141C74495200D4ACDC /* testImageCell.m */,
				9A050A151C74495200D4ACDC /* testImageViewController.h */,
				9A050A161C74495200D4ACDC /* testImageViewController.m */,
				9A050A171C74495200D4ACDC /* testImageViewControllerTable.h */,
				9A050A181C74495200D4ACDC /* testImageViewControllerTable.m */,
			);
			path = image;
			sourceTree = "<group>";
		};
		9A050A191C74495200D4ACDC /* network */ = {
			isa = PBXGroup;
			children = (
				9A050A1A1C74495200D4ACDC /* BaseHTTPService.h */,
				9A050A1B1C74495200D4ACDC /* BaseHTTPService.m */,
				9A050A1C1C74495200D4ACDC /* testAFNetworkingViewC.h */,
				9A050A1D1C74495200D4ACDC /* testAFNetworkingViewC.m */,
				9A050A551C7453F200D4ACDC /* LyRequest.h */,
				9A050A561C7453F200D4ACDC /* LyRequest.m */,
				9A53BECD1C75A7E900E97463 /* LyIPConfig.h */,
				9A53BECE1C75A7E900E97463 /* LyIPConfig.m */,
			);
			path = network;
			sourceTree = "<group>";
		};
		9A050A1E1C74495200D4ACDC /* ReactDemo */ = {
			isa = PBXGroup;
			children = (
				9A050A1F1C74495200D4ACDC /* ViewController */,
				9A050A241C74495200D4ACDC /* ViewModel */,
			);
			path = ReactDemo;
			sourceTree = "<group>";
		};
		9A050A1F1C74495200D4ACDC /* ViewController */ = {
			isa = PBXGroup;
			children = (
				9A050A201C74495200D4ACDC /* LoginSuccessViewController.h */,
				9A050A211C74495200D4ACDC /* LoginSuccessViewController.m */,
				9A050A221C74495200D4ACDC /* LoginViewController.h */,
				9A050A231C74495200D4ACDC /* LoginViewController.m */,
			);
			path = ViewController;
			sourceTree = "<group>";
		};
		9A050A241C74495200D4ACDC /* ViewModel */ = {
			isa = PBXGroup;
			children = (
				9A050A251C74495200D4ACDC /* BaseVCViewModel.h */,
				9A050A261C74495200D4ACDC /* BaseVCViewModel.m */,
				9A050A271C74495200D4ACDC /* LoginVCViewModel.h */,
				9A050A281C74495200D4ACDC /* LoginVCViewModel.m */,
			);
			path = ViewModel;
			sourceTree = "<group>";
		};
		9A050A291C74495200D4ACDC /* vendor */ = {
			isa = PBXGroup;
			children = (
				9A2EF4FD1C7D4AC9006404BE /* YYModel */,
				9A050A2A1C74495200D4ACDC /* ACL */,
				9A050A2D1C74495200D4ACDC /* bee_sandbox */,
				9A050A301C74495200D4ACDC /* NSStringWrapper */,
			);
			path = vendor;
			sourceTree = "<group>";
		};
		9A050A2A1C74495200D4ACDC /* ACL */ = {
			isa = PBXGroup;
			children = (
				9A050A2B1C74495200D4ACDC /* ACL.h */,
				9A050A2C1C74495200D4ACDC /* ACL.m */,
			);
			path = ACL;
			sourceTree = "<group>";
		};
		9A050A2D1C74495200D4ACDC /* bee_sandbox */ = {
			isa = PBXGroup;
			children = (
				9A050A2E1C74495200D4ACDC /* Bee_Sandbox.h */,
				9A050A2F1C74495200D4ACDC /* Bee_Sandbox.mm */,
			);
			path = bee_sandbox;
			sourceTree = "<group>";
		};
		9A050A301C74495200D4ACDC /* NSStringWrapper */ = {
			isa = PBXGroup;
			children = (
				9A050A311C74495200D4ACDC /* NSStringWrapper.h */,
				9A050A321C74495200D4ACDC /* NSStringWrapper.m */,
			);
			path = NSStringWrapper;
			sourceTree = "<group>";
		};
		9A050A331C74495200D4ACDC /* Macros */ = {
			isa = PBXGroup;
			children = (
				9A050A341C74495200D4ACDC /* MacroUtils.h */,
				9A050A351C74495200D4ACDC /* UIConstants.h */,
				9A050A361C74495200D4ACDC /* VersionCompare.h */,
			);
			path = Macros;
			sourceTree = "<group>";
		};
		9A2EF4FD1C7D4AC9006404BE /* YYModel */ = {
			isa = PBXGroup;
			children = (
				9A2EF4FE1C7D4AC9006404BE /* NSObject+YYModel.h */,
				9A2EF4FF1C7D4AC9006404BE /* NSObject+YYModel.m */,
				9A2EF5001C7D4AC9006404BE /* YYClassInfo.h */,
				9A2EF5011C7D4AC9006404BE /* YYClassInfo.m */,
				9A2EF5021C7D4AC9006404BE /* YYModel.h */,
			);
			path = YYModel;
			sourceTree = "<group>";
		};
		9AEEC33C1C74458800A411C1 = {
			isa = PBXGroup;
			children = (
				9A0509FF1C74495200D4ACDC /* Section */,
				9A050A291C74495200D4ACDC /* vendor */,
				9A050A331C74495200D4ACDC /* Macros */,
				9AEEC3471C74458800A411C1 /* LyObjcDemo */,
				9AEEC3641C74458800A411C1 /* LyObjcDemoTests */,
				9AEEC36F1C74458800A411C1 /* LyObjcDemoUITests */,
				9AEEC3461C74458800A411C1 /* Products */,
				801F08126F62A2F0C8F5875F /* Pods */,
				BC59ED04934D50621C5CAFDC /* Frameworks */,
			);
			sourceTree = "<group>";
		};
		9AEEC3461C74458800A411C1 /* Products */ = {
			isa = PBXGroup;
			children = (
				9AEEC3451C74458800A411C1 /* LyObjcDemo.app */,
				9AEEC3611C74458800A411C1 /* LyObjcDemoTests.xctest */,
				9AEEC36C1C74458800A411C1 /* LyObjcDemoUITests.xctest */,
			);
			name = Products;
			sourceTree = "<group>";
		};
		9AEEC3471C74458800A411C1 /* LyObjcDemo */ = {
			isa = PBXGroup;
			children = (
				9A0509A61C74494800D4ACDC /* viewController */,
				9A0509C11C74494800D4ACDC /* Application */,
				9A0509C41C74494800D4ACDC /* General */,
				9A0509CC1C74494800D4ACDC /* Model */,
				9A0509D51C74494800D4ACDC /* ReactDemo */,
				9A0509D81C74494800D4ACDC /* Resource */,
				9A0509DB1C74494800D4ACDC /* PrefixHeader.pch */,
				9A0509DC1C74494800D4ACDC /* ClearCacheViewController.h */,
				9A0509DD1C74494800D4ACDC /* ClearCacheViewController.m */,
				9A0509DE1C74494800D4ACDC /* testA.m */,
				9A0509DF1C74494800D4ACDC /* testA.h */,
				9A0509E01C74494800D4ACDC /* testAc.m */,
				9A0509E11C74494800D4ACDC /* testBd.h */,
				9A0509E21C74494800D4ACDC /* testBd.m */,
				9A0509E31C74494800D4ACDC /* testAc.h */,
				9A0509E41C74494800D4ACDC /* testB.h */,
				9A0509E51C74494800D4ACDC /* testB.m */,
				9AEEC3571C74458800A411C1 /* Assets.xcassets */,
				9AEEC35C1C74458800A411C1 /* Info.plist */,
				9AEEC3481C74458800A411C1 /* Supporting Files */,
			);
			path = LyObjcDemo;
			sourceTree = "<group>";
		};
		9AEEC3481C74458800A411C1 /* Supporting Files */ = {
			isa = PBXGroup;
			children = (
				9AEEC3491C74458800A411C1 /* main.m */,
			);
			name = "Supporting Files";
			sourceTree = "<group>";
		};
		9AEEC3641C74458800A411C1 /* LyObjcDemoTests */ = {
			isa = PBXGroup;
			children = (
				9AEEC3651C74458800A411C1 /* LyObjcDemoTests.m */,
				9AEEC3671C74458800A411C1 /* Info.plist */,
			);
			path = LyObjcDemoTests;
			sourceTree = "<group>";
		};
		9AEEC36F1C74458800A411C1 /* LyObjcDemoUITests */ = {
			isa = PBXGroup;
			children = (
				9AEEC3701C74458800A411C1 /* LyObjcDemoUITests.m */,
				9AEEC3721C74458800A411C1 /* Info.plist */,
			);
			path = LyObjcDemoUITests;
			sourceTree = "<group>";
		};
		BC59ED04934D50621C5CAFDC /* Frameworks */ = {
			isa = PBXGroup;
			children = (
				9A050A4A1C744AA500D4ACDC /* Foundation.framework */,
				0E3B6DA08FC0A1E3D40AA3CF /* Pods.framework */,
			);
			name = Frameworks;
			sourceTree = "<group>";
		};
/* End PBXGroup section */

/* Begin PBXNativeTarget section */
		9AEEC3441C74458800A411C1 /* LyObjcDemo */ = {
			isa = PBXNativeTarget;
			buildConfigurationList = 9AEEC3751C74458800A411C1 /* Build configuration list for PBXNativeTarget "LyObjcDemo" */;
			buildPhases = (
				5F8FAD3F661EB26901DB5B88 /* Check Pods Manifest.lock */,
				9AEEC3411C74458800A411C1 /* Sources */,
				9AEEC3421C74458800A411C1 /* Frameworks */,
				9AEEC3431C74458800A411C1 /* Resources */,
				2BDA08599F9D4B1F1790BEB5 /* Embed Pods Frameworks */,
				7205DFDCD184725EB16E9207 /* Copy Pods Resources */,
			);
			buildRules = (
			);
			dependencies = (
			);
			name = LyObjcDemo;
			productName = LyObjcDemo;
			productReference = 9AEEC3451C74458800A411C1 /* LyObjcDemo.app */;
			productType = "com.apple.product-type.application";
		};
		9AEEC3601C74458800A411C1 /* LyObjcDemoTests */ = {
			isa = PBXNativeTarget;
			buildConfigurationList = 9AEEC3781C74458800A411C1 /* Build configuration list for PBXNativeTarget "LyObjcDemoTests" */;
			buildPhases = (
				9AEEC35D1C74458800A411C1 /* Sources */,
				9AEEC35E1C74458800A411C1 /* Frameworks */,
				9AEEC35F1C74458800A411C1 /* Resources */,
			);
			buildRules = (
			);
			dependencies = (
				9AEEC3631C74458800A411C1 /* PBXTargetDependency */,
			);
			name = LyObjcDemoTests;
			productName = LyObjcDemoTests;
			productReference = 9AEEC3611C74458800A411C1 /* LyObjcDemoTests.xctest */;
			productType = "com.apple.product-type.bundle.unit-test";
		};
		9AEEC36B1C74458800A411C1 /* LyObjcDemoUITests */ = {
			isa = PBXNativeTarget;
			buildConfigurationList = 9AEEC37B1C74458800A411C1 /* Build configuration list for PBXNativeTarget "LyObjcDemoUITests" */;
			buildPhases = (
				9AEEC3681C74458800A411C1 /* Sources */,
				9AEEC3691C74458800A411C1 /* Frameworks */,
				9AEEC36A1C74458800A411C1 /* Resources */,
			);
			buildRules = (
			);
			dependencies = (
				9AEEC36E1C74458800A411C1 /* PBXTargetDependency */,
			);
			name = LyObjcDemoUITests;
			productName = LyObjcDemoUITests;
			productReference = 9AEEC36C1C74458800A411C1 /* LyObjcDemoUITests.xctest */;
			productType = "com.apple.product-type.bundle.ui-testing";
		};
/* End PBXNativeTarget section */

/* Begin PBXProject section */
		9AEEC33D1C74458800A411C1 /* Project object */ = {
			isa = PBXProject;
			attributes = {
				LastUpgradeCheck = 0720;
				ORGANIZATIONNAME = Ly;
				TargetAttributes = {
					9AEEC3441C74458800A411C1 = {
						CreatedOnToolsVersion = 7.2.1;
						DevelopmentTeam = AC8H55DA9Y;
					};
					9AEEC3601C74458800A411C1 = {
						CreatedOnToolsVersion = 7.2.1;
						TestTargetID = 9AEEC3441C74458800A411C1;
					};
					9AEEC36B1C74458800A411C1 = {
						CreatedOnToolsVersion = 7.2.1;
						TestTargetID = 9AEEC3441C74458800A411C1;
					};
				};
			};
			buildConfigurationList = 9AEEC3401C74458800A411C1 /* Build configuration list for PBXProject "LyObjcDemo" */;
			compatibilityVersion = "Xcode 3.2";
			developmentRegion = English;
			hasScannedForEncodings = 0;
			knownRegions = (
				en,
				Base,
			);
			mainGroup = 9AEEC33C1C74458800A411C1;
			productRefGroup = 9AEEC3461C74458800A411C1 /* Products */;
			projectDirPath = "";
			projectRoot = "";
			targets = (
				9AEEC3441C74458800A411C1 /* LyObjcDemo */,
				9AEEC3601C74458800A411C1 /* LyObjcDemoTests */,
				9AEEC36B1C74458800A411C1 /* LyObjcDemoUITests */,
			);
		};
/* End PBXProject section */

/* Begin PBXResourcesBuildPhase section */
		9AEEC3431C74458800A411C1 /* Resources */ = {
			isa = PBXResourcesBuildPhase;
			buildActionMask = 2147483647;
			files = (
				9A0509F81C74494800D4ACDC /* Default@3x-1.png in Resources */,
				9AEEC3581C74458800A411C1 /* Assets.xcassets in Resources */,
				9A0509F91C74494800D4ACDC /* demo.zip in Resources */,
			);
			runOnlyForDeploymentPostprocessing = 0;
		};
		9AEEC35F1C74458800A411C1 /* Resources */ = {
			isa = PBXResourcesBuildPhase;
			buildActionMask = 2147483647;
			files = (
			);
			runOnlyForDeploymentPostprocessing = 0;
		};
		9AEEC36A1C74458800A411C1 /* Resources */ = {
			isa = PBXResourcesBuildPhase;
			buildActionMask = 2147483647;
			files = (
			);
			runOnlyForDeploymentPostprocessing = 0;
		};
/* End PBXResourcesBuildPhase section */

/* Begin PBXShellScriptBuildPhase section */
		2BDA08599F9D4B1F1790BEB5 /* Embed Pods Frameworks */ = {
			isa = PBXShellScriptBuildPhase;
			buildActionMask = 2147483647;
			files = (
			);
			inputPaths = (
			);
			name = "Embed Pods Frameworks";
			outputPaths = (
			);
			runOnlyForDeploymentPostprocessing = 0;
			shellPath = /bin/sh;
			shellScript = "\"${SRCROOT}/Pods/Target Support Files/Pods/Pods-frameworks.sh\"\n";
			showEnvVarsInLog = 0;
		};
		5F8FAD3F661EB26901DB5B88 /* Check Pods Manifest.lock */ = {
			isa = PBXShellScriptBuildPhase;
			buildActionMask = 2147483647;
			files = (
			);
			inputPaths = (
			);
			name = "Check Pods Manifest.lock";
			outputPaths = (
			);
			runOnlyForDeploymentPostprocessing = 0;
			shellPath = /bin/sh;
			shellScript = "diff \"${PODS_ROOT}/../Podfile.lock\" \"${PODS_ROOT}/Manifest.lock\" > /dev/null\nif [[ $? != 0 ]] ; then\n    cat << EOM\nerror: The sandbox is not in sync with the Podfile.lock. Run 'pod install' or update your CocoaPods installation.\nEOM\n    exit 1\nfi\n";
			showEnvVarsInLog = 0;
		};
		7205DFDCD184725EB16E9207 /* Copy Pods Resources */ = {
			isa = PBXShellScriptBuildPhase;
			buildActionMask = 2147483647;
			files = (
			);
			inputPaths = (
			);
			name = "Copy Pods Resources";
			outputPaths = (
			);
			runOnlyForDeploymentPostprocessing = 0;
			shellPath = /bin/sh;
			shellScript = "\"${SRCROOT}/Pods/Target Support Files/Pods/Pods-resources.sh\"\n";
			showEnvVarsInLog = 0;
		};
/* End PBXShellScriptBuildPhase section */

/* Begin PBXSourcesBuildPhase section */
		9AEEC3411C74458800A411C1 /* Sources */ = {
			isa = PBXSourcesBuildPhase;
			buildActionMask = 2147483647;
			files = (
				9A0509F71C74494800D4ACDC /* v2loginActionlogin.m in Sources */,
				9A0509FB1C74494800D4ACDC /* testA.m in Sources */,
				9A050A3A1C74495200D4ACDC /* DeepLinkListViewController.m in Sources */,
				9A53BED21C75B35B00E97463 /* LyAppConfig.m in Sources */,
				9A050A421C74495200D4ACDC /* testAFNetworkingViewC.m in Sources */,
				9A0509F41C74494800D4ACDC /* BaseModel.m in Sources */,
				9A050A3F1C74495200D4ACDC /* testImageViewController.m in Sources */,
				9A0509F61C74494800D4ACDC /* Product.m in Sources */,
				9A0509E71C74494800D4ACDC /* networkASIDemoViewController.m in Sources */,
				9A050A3D1C74495200D4ACDC /* ProductDetailViewController.m in Sources */,
				9A53BECF1C75A7E900E97463 /* LyIPConfig.m in Sources */,
				9A050A461C74495200D4ACDC /* LoginVCViewModel.m in Sources */,
				9A0509EC1C74494800D4ACDC /* PriceTotalViewController.m in Sources */,
				9A0509FD1C74494800D4ACDC /* testBd.m in Sources */,
				9A050A491C74495200D4ACDC /* NSStringWrapper.m in Sources */,
				9A050A381C74495200D4ACDC /* DataSaveListViewController.m in Sources */,
				9A0509EB1C74494800D4ACDC /* OpenURLViewController.m in Sources */,
				9A5BF2931C7AF20800D26778 /* LoginModel.m in Sources */,
				9A2EF5041C7D4AC9006404BE /* YYClassInfo.m in Sources */,
				9A050A431C74495200D4ACDC /* LoginSuccessViewController.m in Sources */,
				9A0509F31C74494800D4ACDC /* WebViewRootController.m in Sources */,
				9A050A4E1C744BBF00D4ACDC /* LyViewController.m in Sources */,
				9A0509E91C74494800D4ACDC /* BlockTestViewController.m in Sources */,
				9A0509E61C74494800D4ACDC /* AutoCycleScrollViewContrtoller.m in Sources */,
				9A050A571C7453F200D4ACDC /* LyRequest.m in Sources */,
				9A050A401C74495200D4ACDC /* testImageViewControllerTable.m in Sources */,
				9A0509EF1C74494800D4ACDC /* Tab2ViewController.m in Sources */,
				9A0509F01C74494800D4ACDC /* AppDelegate.m in Sources */,
				9A050A371C74495200D4ACDC /* testAnimationViewController.m in Sources */,
				9A050A511C744BD100D4ACDC /* LyScrollView.m in Sources */,
				9A050A3E1C74495200D4ACDC /* testImageCell.m in Sources */,
				9A050A411C74495200D4ACDC /* BaseHTTPService.m in Sources */,
				9A050A441C74495200D4ACDC /* LoginViewController.m in Sources */,
				9A050A451C74495200D4ACDC /* BaseVCViewModel.m in Sources */,
				9A0509EE1C74494800D4ACDC /* Tab1ViewController.m in Sources */,
				9A050A391C74495200D4ACDC /* FMDBDemoViewController.m in Sources */,
				9A050A471C74495200D4ACDC /* ACL.m in Sources */,
				9A0509FC1C74494800D4ACDC /* testAc.m in Sources */,
				9A0509FA1C74494800D4ACDC /* ClearCacheViewController.m in Sources */,
				9A0509ED1C74494800D4ACDC /* ProductCell.m in Sources */,
				9A0509EA1C74494800D4ACDC /* ObjcDemoViewController.m in Sources */,
				9A050A3B1C74495200D4ACDC /* ExecuteDeepLinkViewController.m in Sources */,
				9A0509E81C74494800D4ACDC /* networkDemoViewController.m in Sources */,
				9A0509FE1C74494800D4ACDC /* testB.m in Sources */,
				9A050A541C744C0800D4ACDC /* LyDeepLink.m in Sources */,
				9A2EF5031C7D4AC9006404BE /* NSObject+YYModel.m in Sources */,
				9A050A5A1C74542600D4ACDC /* LoginApi.m in Sources */,
				9A050A481C74495200D4ACDC /* Bee_Sandbox.mm in Sources */,
				9A0509F51C74494800D4ACDC /* EasemobAccountBean.m in Sources */,
				9AEEC34A1C74458800A411C1 /* main.m in Sources */,
			);
			runOnlyForDeploymentPostprocessing = 0;
		};
		9AEEC35D1C74458800A411C1 /* Sources */ = {
			isa = PBXSourcesBuildPhase;
			buildActionMask = 2147483647;
			files = (
				9AEEC3661C74458800A411C1 /* LyObjcDemoTests.m in Sources */,
			);
			runOnlyForDeploymentPostprocessing = 0;
		};
		9AEEC3681C74458800A411C1 /* Sources */ = {
			isa = PBXSourcesBuildPhase;
			buildActionMask = 2147483647;
			files = (
				9AEEC3711C74458800A411C1 /* LyObjcDemoUITests.m in Sources */,
			);
			runOnlyForDeploymentPostprocessing = 0;
		};
/* End PBXSourcesBuildPhase section */

/* Begin PBXTargetDependency section */
		9AEEC3631C74458800A411C1 /* PBXTargetDependency */ = {
			isa = PBXTargetDependency;
			target = 9AEEC3441C74458800A411C1 /* LyObjcDemo */;
			targetProxy = 9AEEC3621C74458800A411C1 /* PBXContainerItemProxy */;
		};
		9AEEC36E1C74458800A411C1 /* PBXTargetDependency */ = {
			isa = PBXTargetDependency;
			target = 9AEEC3441C74458800A411C1 /* LyObjcDemo */;
			targetProxy = 9AEEC36D1C74458800A411C1 /* PBXContainerItemProxy */;
		};
/* End PBXTargetDependency section */

/* Begin XCBuildConfiguration section */
		9AEEC3731C74458800A411C1 /* Debug */ = {
			isa = XCBuildConfiguration;
			buildSettings = {
				ALWAYS_SEARCH_USER_PATHS = NO;
				CLANG_CXX_LANGUAGE_STANDARD = "gnu++0x";
				CLANG_CXX_LIBRARY = "libc++";
				CLANG_ENABLE_MODULES = YES;
				CLANG_ENABLE_OBJC_ARC = YES;
				CLANG_WARN_BOOL_CONVERSION = YES;
				CLANG_WARN_CONSTANT_CONVERSION = YES;
				CLANG_WARN_DIRECT_OBJC_ISA_USAGE = YES_ERROR;
				CLANG_WARN_EMPTY_BODY = YES;
				CLANG_WARN_ENUM_CONVERSION = YES;
				CLANG_WARN_INT_CONVERSION = YES;
				CLANG_WARN_OBJC_ROOT_CLASS = YES_ERROR;
				CLANG_WARN_UNREACHABLE_CODE = YES;
				CLANG_WARN__DUPLICATE_METHOD_MATCH = YES;
				CODE_SIGN_IDENTITY = "iPhone Developer: Xiong Delin (C6A4XA5Z98)";
				"CODE_SIGN_IDENTITY[sdk=iphoneos*]" = "iPhone Developer: Xiong Delin (C6A4XA5Z98)";
				COPY_PHASE_STRIP = NO;
				DEBUG_INFORMATION_FORMAT = dwarf;
				ENABLE_STRICT_OBJC_MSGSEND = YES;
				ENABLE_TESTABILITY = YES;
				GCC_C_LANGUAGE_STANDARD = gnu99;
				GCC_DYNAMIC_NO_PIC = NO;
				GCC_NO_COMMON_BLOCKS = YES;
				GCC_OPTIMIZATION_LEVEL = 0;
				GCC_PREFIX_HEADER = "$(SRCROOT)/LyObjcDemo/PrefixHeader.pch";
				GCC_PREPROCESSOR_DEFINITIONS = (
					"DEBUG=1",
					"$(inherited)",
				);
				GCC_WARN_64_TO_32_BIT_CONVERSION = YES;
				GCC_WARN_ABOUT_RETURN_TYPE = YES_ERROR;
				GCC_WARN_UNDECLARED_SELECTOR = YES;
				GCC_WARN_UNINITIALIZED_AUTOS = YES_AGGRESSIVE;
				GCC_WARN_UNUSED_FUNCTION = YES;
				GCC_WARN_UNUSED_VARIABLE = YES;
				IPHONEOS_DEPLOYMENT_TARGET = 9.2;
				MTL_ENABLE_DEBUG_INFO = YES;
				ONLY_ACTIVE_ARCH = YES;
				PROVISIONING_PROFILE = "04d53144-fde6-466f-b4ea-a69897c06925";
				SDKROOT = iphoneos;
			};
			name = Debug;
		};
		9AEEC3741C74458800A411C1 /* Release */ = {
			isa = XCBuildConfiguration;
			buildSettings = {
				ALWAYS_SEARCH_USER_PATHS = NO;
				CLANG_CXX_LANGUAGE_STANDARD = "gnu++0x";
				CLANG_CXX_LIBRARY = "libc++";
				CLANG_ENABLE_MODULES = YES;
				CLANG_ENABLE_OBJC_ARC = YES;
				CLANG_WARN_BOOL_CONVERSION = YES;
				CLANG_WARN_CONSTANT_CONVERSION = YES;
				CLANG_WARN_DIRECT_OBJC_ISA_USAGE = YES_ERROR;
				CLANG_WARN_EMPTY_BODY = YES;
				CLANG_WARN_ENUM_CONVERSION = YES;
				CLANG_WARN_INT_CONVERSION = YES;
				CLANG_WARN_OBJC_ROOT_CLASS = YES_ERROR;
				CLANG_WARN_UNREACHABLE_CODE = YES;
				CLANG_WARN__DUPLICATE_METHOD_MATCH = YES;
				"CODE_SIGN_IDENTITY[sdk=iphoneos*]" = "iPhone Developer";
				COPY_PHASE_STRIP = NO;
				DEBUG_INFORMATION_FORMAT = "dwarf-with-dsym";
				ENABLE_NS_ASSERTIONS = NO;
				ENABLE_STRICT_OBJC_MSGSEND = YES;
				GCC_C_LANGUAGE_STANDARD = gnu99;
				GCC_NO_COMMON_BLOCKS = YES;
				GCC_PREFIX_HEADER = "$(SRCROOT)/LyObjcDemo/PrefixHeader.pch";
				GCC_WARN_64_TO_32_BIT_CONVERSION = YES;
				GCC_WARN_ABOUT_RETURN_TYPE = YES_ERROR;
				GCC_WARN_UNDECLARED_SELECTOR = YES;
				GCC_WARN_UNINITIALIZED_AUTOS = YES_AGGRESSIVE;
				GCC_WARN_UNUSED_FUNCTION = YES;
				GCC_WARN_UNUSED_VARIABLE = YES;
				IPHONEOS_DEPLOYMENT_TARGET = 9.2;
				MTL_ENABLE_DEBUG_INFO = NO;
				PROVISIONING_PROFILE = "04d53144-fde6-466f-b4ea-a69897c06925";
				SDKROOT = iphoneos;
				VALIDATE_PRODUCT = YES;
			};
			name = Release;
		};
		9AEEC3761C74458800A411C1 /* Debug */ = {
			isa = XCBuildConfiguration;
			baseConfigurationReference = 5FA381058CF4C180BC24D981 /* Pods.debug.xcconfig */;
			buildSettings = {
				ASSETCATALOG_COMPILER_APPICON_NAME = AppIcon;
				ASSETCATALOG_COMPILER_LAUNCHIMAGE_NAME = "Brand Assets";
				CODE_SIGN_IDENTITY = "iPhone Developer: Xiong Delin (C6A4XA5Z98)";
				"CODE_SIGN_IDENTITY[sdk=iphoneos*]" = "iPhone Developer: Xiong Delin (C6A4XA5Z98)";
				GCC_PREFIX_HEADER = "$(SRCROOT)/LyObjcDemo/PrefixHeader.pch";
				INFOPLIST_FILE = LyObjcDemo/Info.plist;
				LD_RUNPATH_SEARCH_PATHS = "$(inherited) @executable_path/Frameworks";
				PRODUCT_BUNDLE_IDENTIFIER = com.biostime.appidForTest;
				PRODUCT_NAME = "$(TARGET_NAME)";
				PROVISIONING_PROFILE = "dfa3ddd2-d679-48dd-a40e-dbce2311caff";
			};
			name = Debug;
		};
		9AEEC3771C74458800A411C1 /* Release */ = {
			isa = XCBuildConfiguration;
			baseConfigurationReference = A56FD56B09BFDA3DAD908EA1 /* Pods.release.xcconfig */;
			buildSettings = {
				ASSETCATALOG_COMPILER_APPICON_NAME = AppIcon;
				ASSETCATALOG_COMPILER_LAUNCHIMAGE_NAME = "Brand Assets";
				CODE_SIGN_IDENTITY = "iPhone Developer";
				GCC_PREFIX_HEADER = "$(SRCROOT)/LyObjcDemo/PrefixHeader.pch";
				INFOPLIST_FILE = LyObjcDemo/Info.plist;
				LD_RUNPATH_SEARCH_PATHS = "$(inherited) @executable_path/Frameworks";
				PRODUCT_BUNDLE_IDENTIFIER = com.biostime.appidForTest;
				PRODUCT_NAME = "$(TARGET_NAME)";
				PROVISIONING_PROFILE = "dfa3ddd2-d679-48dd-a40e-dbce2311caff";
			};
			name = Release;
		};
		9AEEC3791C74458800A411C1 /* Debug */ = {
			isa = XCBuildConfiguration;
			buildSettings = {
				BUNDLE_LOADER = "$(TEST_HOST)";
				INFOPLIST_FILE = LyObjcDemoTests/Info.plist;
				LD_RUNPATH_SEARCH_PATHS = "$(inherited) @executable_path/Frameworks @loader_path/Frameworks";
				PRODUCT_BUNDLE_IDENTIFIER = Ly.LyObjcDemoTests;
				PRODUCT_NAME = "$(TARGET_NAME)";
				TEST_HOST = "$(BUILT_PRODUCTS_DIR)/LyObjcDemo.app/LyObjcDemo";
			};
			name = Debug;
		};
		9AEEC37A1C74458800A411C1 /* Release */ = {
			isa = XCBuildConfiguration;
			buildSettings = {
				BUNDLE_LOADER = "$(TEST_HOST)";
				INFOPLIST_FILE = LyObjcDemoTests/Info.plist;
				LD_RUNPATH_SEARCH_PATHS = "$(inherited) @executable_path/Frameworks @loader_path/Frameworks";
				PRODUCT_BUNDLE_IDENTIFIER = Ly.LyObjcDemoTests;
				PRODUCT_NAME = "$(TARGET_NAME)";
				TEST_HOST = "$(BUILT_PRODUCTS_DIR)/LyObjcDemo.app/LyObjcDemo";
			};
			name = Release;
		};
		9AEEC37C1C74458800A411C1 /* Debug */ = {
			isa = XCBuildConfiguration;
			buildSettings = {
				INFOPLIST_FILE = LyObjcDemoUITests/Info.plist;
				LD_RUNPATH_SEARCH_PATHS = "$(inherited) @executable_path/Frameworks @loader_path/Frameworks";
				PRODUCT_BUNDLE_IDENTIFIER = Ly.LyObjcDemoUITests;
				PRODUCT_NAME = "$(TARGET_NAME)";
				TEST_TARGET_NAME = LyObjcDemo;
				USES_XCTRUNNER = YES;
			};
			name = Debug;
		};
		9AEEC37D1C74458800A411C1 /* Release */ = {
			isa = XCBuildConfiguration;
			buildSettings = {
				INFOPLIST_FILE = LyObjcDemoUITests/Info.plist;
				LD_RUNPATH_SEARCH_PATHS = "$(inherited) @executable_path/Frameworks @loader_path/Frameworks";
				PRODUCT_BUNDLE_IDENTIFIER = Ly.LyObjcDemoUITests;
				PRODUCT_NAME = "$(TARGET_NAME)";
				TEST_TARGET_NAME = LyObjcDemo;
				USES_XCTRUNNER = YES;
			};
			name = Release;
		};
/* End XCBuildConfiguration section */

/* Begin XCConfigurationList section */
		9AEEC3401C74458800A411C1 /* Build configuration list for PBXProject "LyObjcDemo" */ = {
			isa = XCConfigurationList;
			buildConfigurations = (
				9AEEC3731C74458800A411C1 /* Debug */,
				9AEEC3741C74458800A411C1 /* Release */,
			);
			defaultConfigurationIsVisible = 0;
			defaultConfigurationName = Release;
		};
		9AEEC3751C74458800A411C1 /* Build configuration list for PBXNativeTarget "LyObjcDemo" */ = {
			isa = XCConfigurationList;
			buildConfigurations = (
				9AEEC3761C74458800A411C1 /* Debug */,
				9AEEC3771C74458800A411C1 /* Release */,
			);
			defaultConfigurationIsVisible = 0;
			defaultConfigurationName = Release;
		};
		9AEEC3781C74458800A411C1 /* Build configuration list for PBXNativeTarget "LyObjcDemoTests" */ = {
			isa = XCConfigurationList;
			buildConfigurations = (
				9AEEC3791C74458800A411C1 /* Debug */,
				9AEEC37A1C74458800A411C1 /* Release */,
			);
			defaultConfigurationIsVisible = 0;
			defaultConfigurationName = Release;
		};
		9AEEC37B1C74458800A411C1 /* Build configuration list for PBXNativeTarget "LyObjcDemoUITests" */ = {
			isa = XCConfigurationList;
			buildConfigurations = (
				9AEEC37C1C74458800A411C1 /* Debug */,
				9AEEC37D1C74458800A411C1 /* Release */,
			);
			defaultConfigurationIsVisible = 0;
			defaultConfigurationName = Release;
		};
/* End XCConfigurationList section */
	};
	rootObject = 9AEEC33D1C74458800A411C1 /* Project object */;
}
